
Microsoft Visual Studio Solution File, Format Version 12.00
# Visual Studio Version 17
VisualStudioVersion = 17.14.36408.4
MinimumVisualStudioVersion = 10.0.40219.1
Project("{FAE04EC0-301F-11D3-BF4B-00C04F79EFBC}") = "DIExample", "DIExample\DIExample.csproj", "{967DE80F-41ED-4AD4-B18A-DC7472C8F694}"
EndProject
Project("{FAE04EC0-301F-11D3-BF4B-00C04F79EFBC}") = "Services", "Services\Services.csproj", "{0063984C-8197-4FB8-BC5E-B895674FF3B9}"
EndProject
Project("{FAE04EC0-301F-11D3-BF4B-00C04F79EFBC}") = "ServiceContracts", "ServiceContracts\ServiceContracts.csproj", "{587ED25B-F9D6-404B-AB56-1F1BD5700FBD}"
EndProject
Global
	GlobalSection(SolutionConfigurationPlatforms) = preSolution
		Debug|Any CPU = Debug|Any CPU
		Release|Any CPU = Release|Any CPU
	EndGlobalSection
	GlobalSection(ProjectConfigurationPlatforms) = postSolution
		{967DE80F-41ED-4AD4-B18A-DC7472C8F694}.Debug|Any CPU.ActiveCfg = Debug|Any CPU
		{967DE80F-41ED-4AD4-B18A-DC7472C8F694}.Debug|Any CPU.Build.0 = Debug|Any CPU
		{967DE80F-41ED-4AD4-B18A-DC7472C8F694}.Release|Any CPU.ActiveCfg = Release|Any CPU
		{967DE80F-41ED-4AD4-B18A-DC7472C8F694}.Release|Any CPU.Build.0 = Release|Any CPU
		{0063984C-8197-4FB8-BC5E-B895674FF3B9}.Debug|Any CPU.ActiveCfg = Debug|Any CPU
		{0063984C-8197-4FB8-BC5E-B895674FF3B9}.Debug|Any CPU.Build.0 = Debug|Any CPU
		{0063984C-8197-4FB8-BC5E-B895674FF3B9}.Release|Any CPU.ActiveCfg = Release|Any CPU
		{0063984C-8197-4FB8-BC5E-B895674FF3B9}.Release|Any CPU.Build.0 = Release|Any CPU
		{587ED25B-F9D6-404B-AB56-1F1BD5700FBD}.Debug|Any CPU.ActiveCfg = Debug|Any CPU
		{587ED25B-F9D6-404B-AB56-1F1BD5700FBD}.Debug|Any CPU.Build.0 = Debug|Any CPU
		{587ED25B-F9D6-404B-AB56-1F1BD5700FBD}.Release|Any CPU.ActiveCfg = Release|Any CPU
		{587ED25B-F9D6-404B-AB56-1F1BD5700FBD}.Release|Any CPU.Build.0 = Release|Any CPU
	EndGlobalSection
	GlobalSection(SolutionProperties) = preSolution
		HideSolutionNode = FALSE
	EndGlobalSection
	GlobalSection(ExtensibilityGlobals) = postSolution
		SolutionGuid = {233A7D05-C01A-48DA-A1FB-6AA6C5A58DF4}
	EndGlobalSection
EndGlobal
